
Microsoft Visual Studio Solution File, Format Version 12.00
# Visual Studio Version 16
VisualStudioVersion = 16.0.31220.234
MinimumVisualStudioVersion = 10.0.40219.1
Project("{9A19103F-16F7-4668-BE54-9A1E7A4F7556}") = "APIFinancas", "APIFinancas.csproj", "{7214B95A-9FDC-4055-9BCB-C3B9900252E4}"
EndProject
Global
	GlobalSection(SolutionConfigurationPlatforms) = preSolution
		Debug|Any CPU = Debug|Any CPU
		Release|Any CPU = Release|Any CPU
	EndGlobalSection
	GlobalSection(ProjectConfigurationPlatforms) = postSolution
		{7214B95A-9FDC-4055-9BCB-C3B9900252E4}.Debug|Any CPU.ActiveCfg = Debug|Any CPU
		{7214B95A-9FDC-4055-9BCB-C3B9900252E4}.Debug|Any CPU.Build.0 = Debug|Any CPU
		{7214B95A-9FDC-4055-9BCB-C3B9900252E4}.Release|Any CPU.ActiveCfg = Release|Any CPU
		{7214B95A-9FDC-4055-9BCB-C3B9900252E4}.Release|Any CPU.Build.0 = Release|Any CPU
	EndGlobalSection
	GlobalSection(SolutionProperties) = preSolution
		HideSolutionNode = FALSE
	EndGlobalSection
	GlobalSection(ExtensibilityGlobals) = postSolution
		SolutionGuid = {B489BF93-2A2D-4C0C-86B6-9FF735A1BFBB}
	EndGlobalSection
EndGlobal
